// !$*UTF8*$!
{
	archiveVersion = 1;
	classes = {
	};
	objectVersion = 77;
	objects = {

/* Begin PBXContainerItemProxy section */
		730B47D92E6118E1008FD851 /* PBXContainerItemProxy */ = {
			isa = PBXContainerItemProxy;
			containerPortal = 730B47C32E6118DF008FD851 /* Project object */;
			proxyType = 1;
			remoteGlobalIDString = 730B47CA2E6118DF008FD851;
			remoteInfo = "Ukrainian Words";
		};
		730B47E32E6118E1008FD851 /* PBXContainerItemProxy */ = {
			isa = PBXContainerItemProxy;
			containerPortal = 730B47C32E6118DF008FD851 /* Project object */;
			proxyType = 1;
			remoteGlobalIDString = 730B47CA2E6118DF008FD851;
			remoteInfo = "Ukrainian Words";
		};
/* End PBXContainerItemProxy section */

/* Begin PBXFileReference section */
		730B47CB2E6118DF008FD851 /* Ukrainian Words.app */ = {isa = PBXFileReference; explicitFileType = wrapper.application; includeInIndex = 0; path = "Ukrainian Words.app"; sourceTree = BUILT_PRODUCTS_DIR; };
		730B47D82E6118E1008FD851 /* Ukrainian WordsTests.xctest */ = {isa = PBXFileReference; explicitFileType = wrapper.cfbundle; includeInIndex = 0; path = "Ukrainian WordsTests.xctest"; sourceTree = BUILT_PRODUCTS_DIR; };
		730B47E22E6118E1008FD851 /* Ukrainian WordsUITests.xctest */ = {isa = PBXFileReference; explicitFileType = wrapper.cfbundle; includeInIndex = 0; path = "Ukrainian WordsUITests.xctest"; sourceTree = BUILT_PRODUCTS_DIR; };
/* End PBXFileReference section */

/* Begin PBXFileSystemSynchronizedBuildFileExceptionSet section */
		730B47F92E611923008FD851 /* Exceptions for "Ukrainian Words" folder in "Ukrainian WordsTests" target */ = {
			isa = PBXFileSystemSynchronizedBuildFileExceptionSet;
			membershipExceptions = (
				ukrainian_vocabulary.json,
				Ukrainian_WordsApp.swift,
			);
			target = 730B47D72E6118E1008FD851 /* Ukrainian WordsTests */;
		};
		730B47FA2E611923008FD851 /* Exceptions for "Ukrainian Words" folder in "Ukrainian WordsUITests" target */ = {
			isa = PBXFileSystemSynchronizedBuildFileExceptionSet;
			membershipExceptions = (
				ukrainian_vocabulary.json,
				Ukrainian_WordsApp.swift,
			);
			target = 730B47E12E6118E1008FD851 /* Ukrainian WordsUITests */;
		};
/* End PBXFileSystemSynchronizedBuildFileExceptionSet section */

/* Begin PBXFileSystemSynchronizedRootGroup section */
		730B47CD2E6118DF008FD851 /* Ukrainian Words */ = {
			isa = PBXFileSystemSynchronizedRootGroup;
			exceptions = (
				730B47F92E611923008FD851 /* Exceptions for "Ukrainian Words" folder in "Ukrainian WordsTests" target */,
				730B47FA2E611923008FD851 /* Exceptions for "Ukrainian Words" folder in "Ukrainian WordsUITests" target */,
			);
			path = "Ukrainian Words";
			sourceTree = "<group>";
		};
		730B47DB2E6118E1008FD851 /* Ukrainian WordsTests */ = {
			isa = PBXFileSystemSynchronizedRootGroup;
			path = "Ukrainian WordsTests";
			sourceTree = "<group>";
		};
		730B47E52E6118E1008FD851 /* Ukrainian WordsUITests */ = {
			isa = PBXFileSystemSynchronizedRootGroup;
			path = "Ukrainian WordsUITests";
			sourceTree = "<group>";
		};
/* End PBXFileSystemSynchronizedRootGroup section */

/* Begin PBXFrameworksBuildPhase section */
		730B47C82E6118DF008FD851 /* Frameworks */ = {
			isa = PBXFrameworksBuildPhase;
			buildActionMask = 2147483647;
			files = (
			);
			runOnlyForDeploymentPostprocessing = 0;
		};
		730B47D52E6118E1008FD851 /* Frameworks */ = {
			isa = PBXFrameworksBuildPhase;
			buildActionMask = 2147483647;
			files = (
			);
			runOnlyForDeploymentPostprocessing = 0;
		};
		730B47DF2E6118E1008FD851 /* Frameworks */ = {
			isa = PBXFrameworksBuildPhase;
			buildActionMask = 2147483647;
			files = (
			);
			runOnlyForDeploymentPostprocessing = 0;
		};
/* End PBXFrameworksBuildPhase section */

/* Begin PBXGroup section */
		730B47C22E6118DF008FD851 = {
			isa = PBXGroup;
			children = (
				730B47CD2E6118DF008FD851 /* Ukrainian Words */,
				730B47DB2E6118E1008FD851 /* Ukrainian WordsTests */,
				730B47E52E6118E1008FD851 /* Ukrainian WordsUITests */,
				730B47CC2E6118DF008FD851 /* Products */,
			);
			sourceTree = "<group>";
		};
		730B47CC2E6118DF008FD851 /* Products */ = {
			isa = PBXGroup;
			children = (
				730B47CB2E6118DF008FD851 /* Ukrainian Words.app */,
				730B47D82E6118E1008FD851 /* Ukrainian WordsTests.xctest */,
				730B47E22E6118E1008FD851 /* Ukrainian WordsUITests.xctest */,
			);
			name = Products;
			sourceTree = "<group>";
		};
/* End PBXGroup section */

/* Begin PBXNativeTarget section */
		730B47CA2E6118DF008FD851 /* Ukrainian Words */ = {
			isa = PBXNativeTarget;
			buildConfigurationList = 730B47EC2E6118E1008FD851 /* Build configuration list for PBXNativeTarget "Ukrainian Words" */;
			buildPhases = (
				730B47C72E6118DF008FD851 /* Sources */,
				730B47C82E6118DF008FD851 /* Frameworks */,
				730B47C92E6118DF008FD851 /* Resources */,
			);
			buildRules = (
			);
			dependencies = (
			);
			fileSystemSynchronizedGroups = (
				730B47CD2E6118DF008FD851 /* Ukrainian Words */,
			);
			name = "Ukrainian Words";
			packageProductDependencies = (
			);
			productName = "Ukrainian Words";
			productReference = 730B47CB2E6118DF008FD851 /* Ukrainian Words.app */;
			productType = "com.apple.product-type.application";
		};
		730B47D72E6118E1008FD851 /* Ukrainian WordsTests */ = {
			isa = PBXNativeTarget;
			buildConfigurationList = 730B47EF2E6118E1008FD851 /* Build configuration list for PBXNativeTarget "Ukrainian WordsTests" */;
			buildPhases = (
				730B47D42E6118E1008FD851 /* Sources */,
				730B47D52E6118E1008FD851 /* Frameworks */,
				730B47D62E6118E1008FD851 /* Resources */,
			);
			buildRules = (
			);
			dependencies = (
				730B47DA2E6118E1008FD851 /* PBXTargetDependency */,
			);
			fileSystemSynchronizedGroups = (
				730B47DB2E6118E1008FD851 /* Ukrainian WordsTests */,
			);
			name = "Ukrainian WordsTests";
			packageProductDependencies = (
			);
			productName = "Ukrainian WordsTests";
			productReference = 730B47D82E6118E1008FD851 /* Ukrainian WordsTests.xctest */;
			productType = "com.apple.product-type.bundle.unit-test";
		};
		730B47E12E6118E1008FD851 /* Ukrainian WordsUITests */ = {
			isa = PBXNativeTarget;
			buildConfigurationList = 730B47F22E6118E1008FD851 /* Build configuration list for PBXNativeTarget "Ukrainian WordsUITests" */;
			buildPhases = (
				730B47DE2E6118E1008FD851 /* Sources */,
				730B47DF2E6118E1008FD851 /* Frameworks */,
				730B47E02E6118E1008FD851 /* Resources */,
			);
			buildRules = (
			);
			dependencies = (
				730B47E42E6118E1008FD851 /* PBXTargetDependency */,
			);
			fileSystemSynchronizedGroups = (
				730B47E52E6118E1008FD851 /* Ukrainian WordsUITests */,
			);
			name = "Ukrainian WordsUITests";
			packageProductDependencies = (
			);
			productName = "Ukrainian WordsUITests";
			productReference = 730B47E22E6118E1008FD851 /* Ukrainian WordsUITests.xctest */;
			productType = "com.apple.product-type.bundle.ui-testing";
		};
/* End PBXNativeTarget section */

/* Begin PBXProject section */
		730B47C32E6118DF008FD851 /* Project object */ = {
			isa = PBXProject;
			attributes = {
				BuildIndependentTargetsInParallel = 1;
				LastSwiftUpdateCheck = 1640;
				LastUpgradeCheck = 1640;
				TargetAttributes = {
					730B47CA2E6118DF008FD851 = {
						CreatedOnToolsVersion = 16.4;
					};
					730B47D72E6118E1008FD851 = {
						CreatedOnToolsVersion = 16.4;
						TestTargetID = 730B47CA2E6118DF008FD851;
					};
					730B47E12E6118E1008FD851 = {
						CreatedOnToolsVersion = 16.4;
						TestTargetID = 730B47CA2E6118DF008FD851;
					};
				};
			};
			buildConfigurationList = 730B47C62E6118DF008FD851 /* Build configuration list for PBXProject "Ukrainian Words" */;
			developmentRegion = en;
			hasScannedForEncodings = 0;
			knownRegions = (
				en,
				Base,
			);
			mainGroup = 730B47C22E6118DF008FD851;
			minimizedProjectReferenceProxies = 1;
			preferredProjectObjectVersion = 77;
			productRefGroup = 730B47CC2E6118DF008FD851 /* Products */;
			projectDirPath = "";
			projectRoot = "";
			targets = (
				730B47CA2E6118DF008FD851 /* Ukrainian Words */,
				730B47D72E6118E1008FD851 /* Ukrainian WordsTests */,
				730B47E12E6118E1008FD851 /* Ukrainian WordsUITests */,
			);
		};
/* End PBXProject section */

/* Begin PBXResourcesBuildPhase section */
		730B47C92E6118DF008FD851 /* Resources */ = {
			isa = PBXResourcesBuildPhase;
			buildActionMask = 2147483647;
			files = (
			);
			runOnlyForDeploymentPostprocessing = 0;
		};
		730B47D62E6118E1008FD851 /* Resources */ = {
			isa = PBXResourcesBuildPhase;
			buildActionMask = 2147483647;
			files = (
			);
			runOnlyForDeploymentPostprocessing = 0;
		};
		730B47E02E6118E1008FD851 /* Resources */ = {
			isa = PBXResourcesBuildPhase;
			buildActionMask = 2147483647;
			files = (
			);
			runOnlyForDeploymentPostprocessing = 0;
		};
/* End PBXResourcesBuildPhase section */

/* Begin PBXSourcesBuildPhase section */
		730B47C72E6118DF008FD851 /* Sources */ = {
			isa = PBXSourcesBuildPhase;
			buildActionMask = 2147483647;
			files = (
			);
			runOnlyForDeploymentPostprocessing = 0;
		};
		730B47D42E6118E1008FD851 /* Sources */ = {
			isa = PBXSourcesBuildPhase;
			buildActionMask = 2147483647;
			files = (
			);
			runOnlyForDeploymentPostprocessing = 0;
		};
		730B47DE2E6118E1008FD851 /* Sources */ = {
			isa = PBXSourcesBuildPhase;
			buildActionMask = 2147483647;
			files = (
			);
			runOnlyForDeploymentPostprocessing = 0;
		};
/* End PBXSourcesBuildPhase section */

/* Begin PBXTargetDependency section */
		730B47DA2E6118E1008FD851 /* PBXTargetDependency */ = {
			isa = PBXTargetDependency;
			target = 730B47CA2E6118DF008FD851 /* Ukrainian Words */;
			targetProxy = 730B47D92E6118E1008FD851 /* PBXContainerItemProxy */;
		};
		730B47E42E6118E1008FD851 /* PBXTargetDependency */ = {
			isa = PBXTargetDependency;
			target = 730B47CA2E6118DF008FD851 /* Ukrainian Words */;
			targetProxy = 730B47E32E6118E1008FD851 /* PBXContainerItemProxy */;
		};
/* End PBXTargetDependency section */

/* Begin XCBuildConfiguration section */
		730B47EA2E6118E1008FD851 /* Debug */ = {
			isa = XCBuildConfiguration;
			buildSettings = {
				ALWAYS_SEARCH_USER_PATHS = NO;
				ASSETCATALOG_COMPILER_GENERATE_SWIFT_ASSET_SYMBOL_EXTENSIONS = YES;
				CLANG_ANALYZER_NONNULL = YES;
				CLANG_ANALYZER_NUMBER_OBJECT_CONVERSION = YES_AGGRESSIVE;
				CLANG_CXX_LANGUAGE_STANDARD = "gnu++20";
				CLANG_ENABLE_MODULES = YES;
				CLANG_ENABLE_OBJC_ARC = YES;
				CLANG_ENABLE_OBJC_WEAK = YES;
				CLANG_WARN_BLOCK_CAPTURE_AUTORELEASING = YES;
				CLANG_WARN_BOOL_CONVERSION = YES;
				CLANG_WARN_COMMA = YES;
				CLANG_WARN_CONSTANT_CONVERSION = YES;
				CLANG_WARN_DEPRECATED_OBJC_IMPLEMENTATIONS = YES;
				CLANG_WARN_DIRECT_OBJC_ISA_USAGE = YES_ERROR;
				CLANG_WARN_DOCUMENTATION_COMMENTS = YES;
				CLANG_WARN_EMPTY_BODY = YES;
				CLANG_WARN_ENUM_CONVERSION = YES;
				CLANG_WARN_INFINITE_RECURSION = YES;
				CLANG_WARN_INT_CONVERSION = YES;
				CLANG_WARN_NON_LITERAL_NULL_CONVERSION = YES;
				CLANG_WARN_OBJC_IMPLICIT_RETAIN_SELF = YES;
				CLANG_WARN_OBJC_LITERAL_CONVERSION = YES;
				CLANG_WARN_OBJC_ROOT_CLASS = YES_ERROR;
				CLANG_WARN_QUOTED_INCLUDE_IN_FRAMEWORK_HEADER = YES;
				CLANG_WARN_RANGE_LOOP_ANALYSIS = YES;
				CLANG_WARN_STRICT_PROTOTYPES = YES;
				CLANG_WARN_SUSPICIOUS_MOVE = YES;
				CLANG_WARN_UNGUARDED_AVAILABILITY = YES_AGGRESSIVE;
				CLANG_WARN_UNREACHABLE_CODE = YES;
				CLANG_WARN__DUPLICATE_METHOD_MATCH = YES;
				COPY_PHASE_STRIP = NO;
				DEBUG_INFORMATION_FORMAT = dwarf;
				DEVELOPMENT_TEAM = 663TZV6ZN2;
				ENABLE_STRICT_OBJC_MSGSEND = YES;
				ENABLE_TESTABILITY = YES;
				ENABLE_USER_SCRIPT_SANDBOXING = YES;
				GCC_C_LANGUAGE_STANDARD = gnu17;
				GCC_DYNAMIC_NO_PIC = NO;
				GCC_NO_COMMON_BLOCKS = YES;
				GCC_OPTIMIZATION_LEVEL = 0;
				GCC_PREPROCESSOR_DEFINITIONS = (
					"DEBUG=1",
					"$(inherited)",
				);
				GCC_WARN_64_TO_32_BIT_CONVERSION = YES;
				GCC_WARN_ABOUT_RETURN_TYPE = YES_ERROR;
				GCC_WARN_UNDECLARED_SELECTOR = YES;
				GCC_WARN_UNINITIALIZED_AUTOS = YES_AGGRESSIVE;
				GCC_WARN_UNUSED_FUNCTION = YES;
				GCC_WARN_UNUSED_VARIABLE = YES;
				IPHONEOS_DEPLOYMENT_TARGET = 18.5;
				LOCALIZATION_PREFERS_STRING_CATALOGS = YES;
				MTL_ENABLE_DEBUG_INFO = INCLUDE_SOURCE;
				MTL_FAST_MATH = YES;
				ONLY_ACTIVE_ARCH = YES;
				SDKROOT = iphoneos;
				SWIFT_ACTIVE_COMPILATION_CONDITIONS = "DEBUG $(inherited)";
				SWIFT_OPTIMIZATION_LEVEL = "-Onone";
			};
			name = Debug;
		};
		730B47EB2E6118E1008FD851 /* Release */ = {
			isa = XCBuildConfiguration;
			buildSettings = {
				ALWAYS_SEARCH_USER_PATHS = NO;
				ASSETCATALOG_COMPILER_GENERATE_SWIFT_ASSET_SYMBOL_EXTENSIONS = YES;
				CLANG_ANALYZER_NONNULL = YES;
				CLANG_ANALYZER_NUMBER_OBJECT_CONVERSION = YES_AGGRESSIVE;
				CLANG_CXX_LANGUAGE_STANDARD = "gnu++20";
				CLANG_ENABLE_MODULES = YES;
				CLANG_ENABLE_OBJC_ARC = YES;
				CLANG_ENABLE_OBJC_WEAK = YES;
				CLANG_WARN_BLOCK_CAPTURE_AUTORELEASING = YES;
				CLANG_WARN_BOOL_CONVERSION = YES;
				CLANG_WARN_COMMA = YES;
				CLANG_WARN_CONSTANT_CONVERSION = YES;
				CLANG_WARN_DEPRECATED_OBJC_IMPLEMENTATIONS = YES;
				CLANG_WARN_DIRECT_OBJC_ISA_USAGE = YES_ERROR;
				CLANG_WARN_DOCUMENTATION_COMMENTS = YES;
				CLANG_WARN_EMPTY_BODY = YES;
				CLANG_WARN_ENUM_CONVERSION = YES;
				CLANG_WARN_INFINITE_RECURSION = YES;
				CLANG_WARN_INT_CONVERSION = YES;
				CLANG_WARN_NON_LITERAL_NULL_CONVERSION = YES;
				CLANG_WARN_OBJC_IMPLICIT_RETAIN_SELF = YES;
				CLANG_WARN_OBJC_LITERAL_CONVERSION = YES;
				CLANG_WARN_OBJC_ROOT_CLASS = YES_ERROR;
				CLANG_WARN_QUOTED_INCLUDE_IN_FRAMEWORK_HEADER = YES;
				CLANG_WARN_RANGE_LOOP_ANALYSIS = YES;
				CLANG_WARN_STRICT_PROTOTYPES = YES;
				CLANG_WARN_SUSPICIOUS_MOVE = YES;
				CLANG_WARN_UNGUARDED_AVAILABILITY = YES_AGGRESSIVE;
				CLANG_WARN_UNREACHABLE_CODE = YES;
				CLANG_WARN__DUPLICATE_METHOD_MATCH = YES;
				COPY_PHASE_STRIP = NO;
				DEBUG_INFORMATION_FORMAT = "dwarf-with-dsym";
				DEVELOPMENT_TEAM = 663TZV6ZN2;
				ENABLE_NS_ASSERTIONS = NO;
				ENABLE_STRICT_OBJC_MSGSEND = YES;
				ENABLE_USER_SCRIPT_SANDBOXING = YES;
				GCC_C_LANGUAGE_STANDARD = gnu17;
				GCC_NO_COMMON_BLOCKS = YES;
				GCC_WARN_64_TO_32_BIT_CONVERSION = YES;
				GCC_WARN_ABOUT_RETURN_TYPE = YES_ERROR;
				GCC_WARN_UNDECLARED_SELECTOR = YES;
				GCC_WARN_UNINITIALIZED_AUTOS = YES_AGGRESSIVE;
				GCC_WARN_UNUSED_FUNCTION = YES;
				GCC_WARN_UNUSED_VARIABLE = YES;
				IPHONEOS_DEPLOYMENT_TARGET = 18.5;
				LOCALIZATION_PREFERS_STRING_CATALOGS = YES;
				MTL_ENABLE_DEBUG_INFO = NO;
				MTL_FAST_MATH = YES;
				SDKROOT = iphoneos;
				SWIFT_COMPILATION_MODE = wholemodule;
				VALIDATE_PRODUCT = YES;
			};
			name = Release;
		};
		730B47ED2E6118E1008FD851 /* Debug */ = {
			isa = XCBuildConfiguration;
			buildSettings = {
				ASSETCATALOG_COMPILER_APPICON_NAME = AppIcon;
				ASSETCATALOG_COMPILER_GLOBAL_ACCENT_COLOR_NAME = AccentColor;
				ASSETCATALOG_COMPILER_INCLUDE_ALL_APPICON_ASSETS = YES;
				CODE_SIGN_STYLE = Automatic;
				CURRENT_PROJECT_VERSION = 2;
				DEVELOPMENT_TEAM = 663TZV6ZN2;
				ENABLE_PREVIEWS = YES;
				GENERATE_INFOPLIST_FILE = YES;
				INFOPLIST_KEY_CFBundleDisplayName = "Learn Ukrainian Words";
				INFOPLIST_KEY_LSApplicationCategoryType = "public.app-category.education";
				INFOPLIST_KEY_UIApplicationSceneManifest_Generation = YES;
				INFOPLIST_KEY_UIApplicationSupportsIndirectInputEvents = YES;
				INFOPLIST_KEY_UILaunchScreen_Generation = YES;
				INFOPLIST_KEY_UISupportedInterfaceOrientations_iPad = "UIInterfaceOrientationPortrait UIInterfaceOrientationPortraitUpsideDown UIInterfaceOrientationLandscapeLeft UIInterfaceOrientationLandscapeRight";
				INFOPLIST_KEY_UISupportedInterfaceOrientations_iPhone = "UIInterfaceOrientationPortrait UIInterfaceOrientationLandscapeLeft UIInterfaceOrientationLandscapeRight";
				IPHONEOS_DEPLOYMENT_TARGET = 17.6;
				LD_RUNPATH_SEARCH_PATHS = (
					"$(inherited)",
					"@executable_path/Frameworks",
				);
				MARKETING_VERSION = 1.01;
				PRODUCT_BUNDLE_IDENTIFIER = com.eric.learnukrainianwords;
				PRODUCT_NAME = "$(TARGET_NAME)";
				SUPPORTED_PLATFORMS = "iphoneos iphonesimulator";
				SUPPORTS_MACCATALYST = NO;
				SUPPORTS_MAC_DESIGNED_FOR_IPHONE_IPAD = NO;
				SUPPORTS_XR_DESIGNED_FOR_IPHONE_IPAD = NO;
				SWIFT_EMIT_LOC_STRINGS = YES;
				SWIFT_VERSION = 5.0;
				TARGETED_DEVICE_FAMILY = "1,2";
			};
			name = Debug;
		};
		730B47EE2E6118E1008FD851 /* Release */ = {
			isa = XCBuildConfiguration;
			buildSettings = {
				ASSETCATALOG_COMPILER_APPICON_NAME = AppIcon;
				ASSETCATALOG_COMPILER_GLOBAL_ACCENT_COLOR_NAME = AccentColor;
				ASSETCATALOG_COMPILER_INCLUDE_ALL_APPICON_ASSETS = YES;
				CODE_SIGN_STYLE = Automatic;
				CURRENT_PROJECT_VERSION = 2;
				DEVELOPMENT_TEAM = 663TZV6ZN2;
				ENABLE_PREVIEWS = YES;
				GENERATE_INFOPLIST_FILE = YES;
				INFOPLIST_KEY_CFBundleDisplayName = "Learn Ukrainian Words";
				INFOPLIST_KEY_LSApplicationCategoryType = "public.app-category.education";
				INFOPLIST_KEY_UIApplicationSceneManifest_Generation = YES;
				INFOPLIST_KEY_UIApplicationSupportsIndirectInputEvents = YES;
				INFOPLIST_KEY_UILaunchScreen_Generation = YES;
				INFOPLIST_KEY_UISupportedInterfaceOrientations_iPad = "UIInterfaceOrientationPortrait UIInterfaceOrientationPortraitUpsideDown UIInterfaceOrientationLandscapeLeft UIInterfaceOrientationLandscapeRight";
				INFOPLIST_KEY_UISupportedInterfaceOrientations_iPhone = "UIInterfaceOrientationPortrait UIInterfaceOrientationLandscapeLeft UIInterfaceOrientationLandscapeRight";
				IPHONEOS_DEPLOYMENT_TARGET = 17.6;
				LD_RUNPATH_SEARCH_PATHS = (
					"$(inherited)",
					"@executable_path/Frameworks",
				);
				MARKETING_VERSION = 1.01;
				PRODUCT_BUNDLE_IDENTIFIER = com.eric.learnukrainianwords;
				PRODUCT_NAME = "$(TARGET_NAME)";
				SUPPORTED_PLATFORMS = "iphoneos iphonesimulator";
				SUPPORTS_MACCATALYST = NO;
				SUPPORTS_MAC_DESIGNED_FOR_IPHONE_IPAD = NO;
				SUPPORTS_XR_DESIGNED_FOR_IPHONE_IPAD = NO;
				SWIFT_EMIT_LOC_STRINGS = YES;
				SWIFT_VERSION = 5.0;
				TARGETED_DEVICE_FAMILY = "1,2";
			};
			name = Release;
		};
		730B47F02E6118E1008FD851 /* Debug */ = {
			isa = XCBuildConfiguration;
			buildSettings = {
				BUNDLE_LOADER = "$(TEST_HOST)";
				CODE_SIGN_STYLE = Automatic;
				CURRENT_PROJECT_VERSION = 1;
				DEVELOPMENT_TEAM = 663TZV6ZN2;
				GENERATE_INFOPLIST_FILE = YES;
				IPHONEOS_DEPLOYMENT_TARGET = 18.5;
				MARKETING_VERSION = 1.0;
				PRODUCT_BUNDLE_IDENTIFIER = "eric.Ukrainian-WordsTests";
				PRODUCT_NAME = "$(TARGET_NAME)";
				SUPPORTED_PLATFORMS = "iphoneos iphonesimulator";
				SUPPORTS_MACCATALYST = NO;
				SUPPORTS_MAC_DESIGNED_FOR_IPHONE_IPAD = NO;
				SUPPORTS_XR_DESIGNED_FOR_IPHONE_IPAD = NO;
				SWIFT_EMIT_LOC_STRINGS = NO;
				SWIFT_VERSION = 5.0;
				TARGETED_DEVICE_FAMILY = "1,2";
				TEST_HOST = "$(BUILT_PRODUCTS_DIR)/Ukrainian Words.app/$(BUNDLE_EXECUTABLE_FOLDER_PATH)/Ukrainian Words";
			};
			name = Debug;
		};
		730B47F12E6118E1008FD851 /* Release */ = {
			isa = XCBuildConfiguration;
			buildSettings = {
				BUNDLE_LOADER = "$(TEST_HOST)";
				CODE_SIGN_STYLE = Automatic;
				CURRENT_PROJECT_VERSION = 1;
				DEVELOPMENT_TEAM = 663TZV6ZN2;
				GENERATE_INFOPLIST_FILE = YES;
				IPHONEOS_DEPLOYMENT_TARGET = 18.5;
				MARKETING_VERSION = 1.0;
				PRODUCT_BUNDLE_IDENTIFIER = "eric.Ukrainian-WordsTests";
				PRODUCT_NAME = "$(TARGET_NAME)";
				SUPPORTED_PLATFORMS = "iphoneos iphonesimulator";
				SUPPORTS_MACCATALYST = NO;
				SUPPORTS_MAC_DESIGNED_FOR_IPHONE_IPAD = NO;
				SUPPORTS_XR_DESIGNED_FOR_IPHONE_IPAD = NO;
				SWIFT_EMIT_LOC_STRINGS = NO;
				SWIFT_VERSION = 5.0;
				TARGETED_DEVICE_FAMILY = "1,2";
				TEST_HOST = "$(BUILT_PRODUCTS_DIR)/Ukrainian Words.app/$(BUNDLE_EXECUTABLE_FOLDER_PATH)/Ukrainian Words";
			};
			name = Release;
		};
		730B47F32E6118E1008FD851 /* Debug */ = {
			isa = XCBuildConfiguration;
			buildSettings = {
				CODE_SIGN_STYLE = Automatic;
				CURRENT_PROJECT_VERSION = 1;
				DEVELOPMENT_TEAM = 663TZV6ZN2;
				GENERATE_INFOPLIST_FILE = YES;
				MARKETING_VERSION = 1.0;
				PRODUCT_BUNDLE_IDENTIFIER = "eric.Ukrainian-WordsUITests";
				PRODUCT_NAME = "$(TARGET_NAME)";
				SWIFT_EMIT_LOC_STRINGS = NO;
				SWIFT_VERSION = 5.0;
				TARGETED_DEVICE_FAMILY = "1,2";
				TEST_TARGET_NAME = "Ukrainian Words";
			};
			name = Debug;
		};
		730B47F42E6118E1008FD851 /* Release */ = {
			isa = XCBuildConfiguration;
			buildSettings = {
				CODE_SIGN_STYLE = Automatic;
				CURRENT_PROJECT_VERSION = 1;
				DEVELOPMENT_TEAM = 663TZV6ZN2;
				GENERATE_INFOPLIST_FILE = YES;
				MARKETING_VERSION = 1.0;
				PRODUCT_BUNDLE_IDENTIFIER = "eric.Ukrainian-WordsUITests";
				PRODUCT_NAME = "$(TARGET_NAME)";
				SWIFT_EMIT_LOC_STRINGS = NO;
				SWIFT_VERSION = 5.0;
				TARGETED_DEVICE_FAMILY = "1,2";
				TEST_TARGET_NAME = "Ukrainian Words";
			};
			name = Release;
		};
/* End XCBuildConfiguration section */

/* Begin XCConfigurationList section */
		730B47C62E6118DF008FD851 /* Build configuration list for PBXProject "Ukrainian Words" */ = {
			isa = XCConfigurationList;
			buildConfigurations = (
				730B47EA2E6118E1008FD851 /* Debug */,
				730B47EB2E6118E1008FD851 /* Release */,
			);
			defaultConfigurationIsVisible = 0;
			defaultConfigurationName = Release;
		};
		730B47EC2E6118E1008FD851 /* Build configuration list for PBXNativeTarget "Ukrainian Words" */ = {
			isa = XCConfigurationList;
			buildConfigurations = (
				730B47ED2E6118E1008FD851 /* Debug */,
				730B47EE2E6118E1008FD851 /* Release */,
			);
			defaultConfigurationIsVisible = 0;
			defaultConfigurationName = Release;
		};
		730B47EF2E6118E1008FD851 /* Build configuration list for PBXNativeTarget "Ukrainian WordsTests" */ = {
			isa = XCConfigurationList;
			buildConfigurations = (
				730B47F02E6118E1008FD851 /* Debug */,
				730B47F12E6118E1008FD851 /* Release */,
			);
			defaultConfigurationIsVisible = 0;
			defaultConfigurationName = Release;
		};
		730B47F22E6118E1008FD851 /* Build configuration list for PBXNativeTarget "Ukrainian WordsUITests" */ = {
			isa = XCConfigurationList;
			buildConfigurations = (
				730B47F32E6118E1008FD851 /* Debug */,
				730B47F42E6118E1008FD851 /* Release */,
			);
			defaultConfigurationIsVisible = 0;
			defaultConfigurationName = Release;
		};
/* End XCConfigurationList section */
	};
	rootObject = 730B47C32E6118DF008FD851 /* Project object */;
}
